
Microsoft Visual Studio Solution File, Format Version 12.00
# Visual Studio Version 17
VisualStudioVersion = 17.10.35013.160
MinimumVisualStudioVersion = 10.0.40219.1
Project("{FAE04EC0-301F-11D3-BF4B-00C04F79EFBC}") = "Assaignment_1", "Assaignment_1.csproj", "{E2F9C84E-9FB9-45E8-A82F-299EDF8A000A}"
EndProject
Global
	GlobalSection(SolutionConfigurationPlatforms) = preSolution
		Debug|Any CPU = Debug|Any CPU
		Release|Any CPU = Release|Any CPU
	EndGlobalSection
	GlobalSection(ProjectConfigurationPlatforms) = postSolution
		{E2F9C84E-9FB9-45E8-A82F-299EDF8A000A}.Debug|Any CPU.ActiveCfg = Debug|Any CPU
		{E2F9C84E-9FB9-45E8-A82F-299EDF8A000A}.Debug|Any CPU.Build.0 = Debug|Any CPU
		{E2F9C84E-9FB9-45E8-A82F-299EDF8A000A}.Release|Any CPU.ActiveCfg = Release|Any CPU
		{E2F9C84E-9FB9-45E8-A82F-299EDF8A000A}.Release|Any CPU.Build.0 = Release|Any CPU
	EndGlobalSection
	GlobalSection(SolutionProperties) = preSolution
		HideSolutionNode = FALSE
	EndGlobalSection
	GlobalSection(ExtensibilityGlobals) = postSolution
		SolutionGuid = {2216B0C9-D85B-4ABF-985E-07BBA9FF013C}
	EndGlobalSection
EndGlobal
